
Microsoft Visual Studio Solution File, Format Version 12.00
# Visual Studio Version 17
VisualStudioVersion = 17.0.31903.59
MinimumVisualStudioVersion = 10.0.40219.1
Project("{FAE04EC0-301F-11D3-BF4B-00C04F79EFBC}") = "Domain", "Domain\Domain.csproj", "{DD5EFB6C-7E7D-4478-A688-4FC0CBF377D4}"
EndProject
Project("{2150E333-8FDC-42A3-9474-1A3956D46DE8}") = "src", "src", "{0F7B357A-8184-4CF4-852D-F94F557838B4}"
EndProject
Project("{2150E333-8FDC-42A3-9474-1A3956D46DE8}") = "test", "test", "{A7D65925-7E77-45ED-923C-EE708CB5D55B}"
EndProject
Project("{FAE04EC0-301F-11D3-BF4B-00C04F79EFBC}") = "Application", "Application\Application.csproj", "{23070C13-F5CF-42D3-A878-DD76445D7A02}"
EndProject
Project("{FAE04EC0-301F-11D3-BF4B-00C04F79EFBC}") = "Infrastructure", "Infrastructure\Infrastructure.csproj", "{466B2EE0-ED95-4360-AB50-4668BC5795AB}"
EndProject
Project("{FAE04EC0-301F-11D3-BF4B-00C04F79EFBC}") = "Catalog.Api", "Catalog.Api\Catalog.Api.csproj", "{84311F8A-857F-4555-86A5-3DB8E9BC5461}"
EndProject
Global
	GlobalSection(SolutionConfigurationPlatforms) = preSolution
		Debug|Any CPU = Debug|Any CPU
		Release|Any CPU = Release|Any CPU
	EndGlobalSection
	GlobalSection(SolutionProperties) = preSolution
		HideSolutionNode = FALSE
	EndGlobalSection
	GlobalSection(ProjectConfigurationPlatforms) = postSolution
		{DD5EFB6C-7E7D-4478-A688-4FC0CBF377D4}.Debug|Any CPU.ActiveCfg = Debug|Any CPU
		{DD5EFB6C-7E7D-4478-A688-4FC0CBF377D4}.Debug|Any CPU.Build.0 = Debug|Any CPU
		{DD5EFB6C-7E7D-4478-A688-4FC0CBF377D4}.Release|Any CPU.ActiveCfg = Release|Any CPU
		{DD5EFB6C-7E7D-4478-A688-4FC0CBF377D4}.Release|Any CPU.Build.0 = Release|Any CPU
		{23070C13-F5CF-42D3-A878-DD76445D7A02}.Debug|Any CPU.ActiveCfg = Debug|Any CPU
		{23070C13-F5CF-42D3-A878-DD76445D7A02}.Debug|Any CPU.Build.0 = Debug|Any CPU
		{23070C13-F5CF-42D3-A878-DD76445D7A02}.Release|Any CPU.ActiveCfg = Release|Any CPU
		{23070C13-F5CF-42D3-A878-DD76445D7A02}.Release|Any CPU.Build.0 = Release|Any CPU
		{466B2EE0-ED95-4360-AB50-4668BC5795AB}.Debug|Any CPU.ActiveCfg = Debug|Any CPU
		{466B2EE0-ED95-4360-AB50-4668BC5795AB}.Debug|Any CPU.Build.0 = Debug|Any CPU
		{466B2EE0-ED95-4360-AB50-4668BC5795AB}.Release|Any CPU.ActiveCfg = Release|Any CPU
		{466B2EE0-ED95-4360-AB50-4668BC5795AB}.Release|Any CPU.Build.0 = Release|Any CPU
		{84311F8A-857F-4555-86A5-3DB8E9BC5461}.Debug|Any CPU.ActiveCfg = Debug|Any CPU
		{84311F8A-857F-4555-86A5-3DB8E9BC5461}.Debug|Any CPU.Build.0 = Debug|Any CPU
		{84311F8A-857F-4555-86A5-3DB8E9BC5461}.Release|Any CPU.ActiveCfg = Release|Any CPU
		{84311F8A-857F-4555-86A5-3DB8E9BC5461}.Release|Any CPU.Build.0 = Release|Any CPU
	EndGlobalSection
	GlobalSection(NestedProjects) = preSolution
		{DD5EFB6C-7E7D-4478-A688-4FC0CBF377D4} = {0F7B357A-8184-4CF4-852D-F94F557838B4}
		{23070C13-F5CF-42D3-A878-DD76445D7A02} = {0F7B357A-8184-4CF4-852D-F94F557838B4}
		{466B2EE0-ED95-4360-AB50-4668BC5795AB} = {0F7B357A-8184-4CF4-852D-F94F557838B4}
		{84311F8A-857F-4555-86A5-3DB8E9BC5461} = {0F7B357A-8184-4CF4-852D-F94F557838B4}
	EndGlobalSection
EndGlobal
